# THIS IS AN AUTOGENERATED FILE. DO NOT EDIT THIS FILE DIRECTLY.
# yarn lockfile v1


"@hotwired/stimulus-webpack-helpers@^1.0.0":
  "integrity" "sha512-wa/zupVG0eWxRYJjC1IiPBdt3Lruv0RqGN+/DTMmUWUyMAEB27KXmVY6a8YpUVTM7QwVuaLNGW4EqDgrS2upXQ=="
  "resolved" "https://registry.npmjs.org/@hotwired/stimulus-webpack-helpers/-/stimulus-webpack-helpers-1.0.1.tgz"
  "version" "1.0.1"

"@hotwired/stimulus@^3.1.0", "@hotwired/stimulus@^3.2.1", "@hotwired/stimulus@>= 3.0":
  "integrity" "sha512-HGlzDcf9vv/EQrMJ5ZG6VWNs8Z/xMN+1o2OhV1gKiSG6CqZt5MCBB1gRg5ILiN3U0jEAxuDTNPRfBcnZBDmupQ=="
  "resolved" "https://registry.npmjs.org/@hotwired/stimulus/-/stimulus-3.2.1.tgz"
  "version" "3.2.1"

"@kurkle/color@^0.3.0":
  "integrity" "sha512-fuscdXJ9G1qb7W8VdHi+IwRqij3lBkosAm4ydQtEmbY58OzHXqQhvlxqEkoz0yssNVn38bcpRWgA9PP+OGoisw=="
  "resolved" "https://registry.npmjs.org/@kurkle/color/-/color-0.3.2.tgz"
  "version" "0.3.2"

"chart.js@^4.3.0":
  "integrity" "sha512-ynG0E79xGfMaV2xAHdbhwiPLczxnNNnasrmPEXriXsPJGjmhOBYzFVEsB65w2qMDz+CaBJJuJD0inE/ab/h36g=="
  "resolved" "https://registry.npmjs.org/chart.js/-/chart.js-4.3.0.tgz"
  "version" "4.3.0"
  dependencies:
    "@kurkle/color" "^0.3.0"

"dayjs@^1.11.8":
  "integrity" "sha512-LcgxzFoWMEPO7ggRv1Y2N31hUf2R0Vj7fuy/m+Bg1K8rr+KAs1AEy4y9jd5DXe8pbHgX+srkHNS7TH6Q6ZhYeQ=="
  "resolved" "https://registry.npmjs.org/dayjs/-/dayjs-1.11.8.tgz"
  "version" "1.11.8"

"flatpickr@>=4.6.2":
  "integrity" "sha512-97PMG/aywoYpB4IvbvUJi0RQi8vearvU0oov1WW3k0WZPBMrTQVqekSX5CjSG/M4Q3i6A/0FKXC7RyAoAUUSPw=="
  "resolved" "https://registry.npmjs.org/flatpickr/-/flatpickr-4.6.13.tgz"
  "version" "4.6.13"

"moment-timezone@^0.5.43":
  "integrity" "sha512-72j3aNyuIsDxdF1i7CEgV2FfxM1r6aaqJyLB2vwb33mXYyoyLly+F1zbWqhA3/bVIoJ4szlUoMbUnVdid32NUQ=="
  "resolved" "https://registry.npmjs.org/moment-timezone/-/moment-timezone-0.5.43.tgz"
  "version" "0.5.43"
  dependencies:
    "moment" "^2.29.4"

"moment@^2.29.4":
  "integrity" "sha512-5LC9SOxjSc2HF6vO2CyuTDNivEdoz2IvyJJGj6X8DJ0eFyfszE0QiEd+iXmBvUP3WHxSjFH/vIsA0EN00cgr8w=="
  "resolved" "https://registry.npmjs.org/moment/-/moment-2.29.4.tgz"
  "version" "2.29.4"

"stimulus-flatpickr@^1.4.0":
  "integrity" "sha512-rcC/c9+E+f5W2kOjaaLShtf3i+p95ACqt+oGzSAgeuZh2YeIN8gW4EWO7h0STBLzSVPl6BjIfPWP7upMPavIVQ=="
  "resolved" "https://registry.npmjs.org/stimulus-flatpickr/-/stimulus-flatpickr-1.4.0.tgz"
  "version" "1.4.0"

"stimulus-popover@^6.2.0":
  "integrity" "sha512-QJqGXA842qS9s+c0Si6JUKDHDZVnkClvgZPfl2KbHcT6G9BMrEK+21na00SVNpWmmzdc6E1qQrq/oVY7gGaf3w=="
  "resolved" "https://registry.npmjs.org/stimulus-popover/-/stimulus-popover-6.2.0.tgz"
  "version" "6.2.0"

"stimulus@>=1.1.1":
  "integrity" "sha512-EhpuHnTwtkWrE5m7tQxLBLsi1aE6xJ/9MbB88aKXZSquIC4pCueKJ2AGaF5gq+/BzP7+xvYaVYA0j1dIUuBsgA=="
  "resolved" "https://registry.npmjs.org/stimulus/-/stimulus-3.2.1.tgz"
  "version" "3.2.1"
  dependencies:
    "@hotwired/stimulus" "^3.2.1"
    "@hotwired/stimulus-webpack-helpers" "^1.0.0"
